
Microsoft Visual Studio Solution File, Format Version 12.00
# Visual Studio Version 17
VisualStudioVersion = 17.3.32929.385
MinimumVisualStudioVersion = 10.0.40219.1
Project("{FAE04EC0-301F-11D3-BF4B-00C04F79EFBC}") = "EngagingActivity", "EngagingActivity\EngagingActivity.csproj", "{F6B6C626-822D-4996-B256-18AFD029D0A6}"
EndProject
Global
	GlobalSection(SolutionConfigurationPlatforms) = preSolution
		Debug|Any CPU = Debug|Any CPU
		Release|Any CPU = Release|Any CPU
	EndGlobalSection
	GlobalSection(ProjectConfigurationPlatforms) = postSolution
		{F6B6C626-822D-4996-B256-18AFD029D0A6}.Debug|Any CPU.ActiveCfg = Debug|Any CPU
		{F6B6C626-822D-4996-B256-18AFD029D0A6}.Debug|Any CPU.Build.0 = Debug|Any CPU
		{F6B6C626-822D-4996-B256-18AFD029D0A6}.Release|Any CPU.ActiveCfg = Release|Any CPU
		{F6B6C626-822D-4996-B256-18AFD029D0A6}.Release|Any CPU.Build.0 = Release|Any CPU
	EndGlobalSection
	GlobalSection(SolutionProperties) = preSolution
		HideSolutionNode = FALSE
	EndGlobalSection
	GlobalSection(ExtensibilityGlobals) = postSolution
		SolutionGuid = {3C440E46-8A47-4382-8AE4-285AB552C36D}
	EndGlobalSection
EndGlobal
